
Microsoft Visual Studio Solution File, Format Version 12.00
# Visual Studio Version 17
VisualStudioVersion = 17.7.34024.191
MinimumVisualStudioVersion = 10.0.40219.1
Project("{9A19103F-16F7-4668-BE54-9A1E7A4F7556}") = "Commons", "Commons\Commons.csproj", "{3E3403CC-4FEA-40DE-AE97-4AD3F23952A8}"
EndProject
Project("{9A19103F-16F7-4668-BE54-9A1E7A4F7556}") = "Slider-Client", "Slider\Slider-Client.csproj", "{DBF4073D-47A7-4A72-BC3A-D31E9F415FD2}"
EndProject
Project("{9A19103F-16F7-4668-BE54-9A1E7A4F7556}") = "DevTools", "DevTools\DevTools.csproj", "{A0E64510-7E19-4D18-B2D5-825B20BEACC3}"
EndProject
Project("{9A19103F-16F7-4668-BE54-9A1E7A4F7556}") = "AuthenticationServer", "AuthenticationServer\AuthenticationServer.csproj", "{8ABF6218-4F35-4A7A-B517-28F94E981547}"
EndProject
Project("{FAE04EC0-301F-11D3-BF4B-00C04F79EFBC}") = "Authentication", "Authentication\Authentication.csproj", "{E20BDAF7-4AF1-4002-ABEE-73F2BC65D31F}"
EndProject
Global
	GlobalSection(SolutionConfigurationPlatforms) = preSolution
		Debug|Any CPU = Debug|Any CPU
		Release|Any CPU = Release|Any CPU
	EndGlobalSection
	GlobalSection(ProjectConfigurationPlatforms) = postSolution
		{3E3403CC-4FEA-40DE-AE97-4AD3F23952A8}.Debug|Any CPU.ActiveCfg = Debug|Any CPU
		{3E3403CC-4FEA-40DE-AE97-4AD3F23952A8}.Debug|Any CPU.Build.0 = Debug|Any CPU
		{3E3403CC-4FEA-40DE-AE97-4AD3F23952A8}.Release|Any CPU.ActiveCfg = Release|Any CPU
		{3E3403CC-4FEA-40DE-AE97-4AD3F23952A8}.Release|Any CPU.Build.0 = Release|Any CPU
		{DBF4073D-47A7-4A72-BC3A-D31E9F415FD2}.Debug|Any CPU.ActiveCfg = Debug|Any CPU
		{DBF4073D-47A7-4A72-BC3A-D31E9F415FD2}.Debug|Any CPU.Build.0 = Debug|Any CPU
		{DBF4073D-47A7-4A72-BC3A-D31E9F415FD2}.Release|Any CPU.ActiveCfg = Release|Any CPU
		{DBF4073D-47A7-4A72-BC3A-D31E9F415FD2}.Release|Any CPU.Build.0 = Release|Any CPU
		{A0E64510-7E19-4D18-B2D5-825B20BEACC3}.Debug|Any CPU.ActiveCfg = Debug|Any CPU
		{A0E64510-7E19-4D18-B2D5-825B20BEACC3}.Debug|Any CPU.Build.0 = Debug|Any CPU
		{A0E64510-7E19-4D18-B2D5-825B20BEACC3}.Release|Any CPU.ActiveCfg = Release|Any CPU
		{A0E64510-7E19-4D18-B2D5-825B20BEACC3}.Release|Any CPU.Build.0 = Release|Any CPU
		{8ABF6218-4F35-4A7A-B517-28F94E981547}.Debug|Any CPU.ActiveCfg = Debug|Any CPU
		{8ABF6218-4F35-4A7A-B517-28F94E981547}.Debug|Any CPU.Build.0 = Debug|Any CPU
		{8ABF6218-4F35-4A7A-B517-28F94E981547}.Release|Any CPU.ActiveCfg = Release|Any CPU
		{8ABF6218-4F35-4A7A-B517-28F94E981547}.Release|Any CPU.Build.0 = Release|Any CPU
		{E20BDAF7-4AF1-4002-ABEE-73F2BC65D31F}.Debug|Any CPU.ActiveCfg = Debug|Any CPU
		{E20BDAF7-4AF1-4002-ABEE-73F2BC65D31F}.Debug|Any CPU.Build.0 = Debug|Any CPU
		{E20BDAF7-4AF1-4002-ABEE-73F2BC65D31F}.Release|Any CPU.ActiveCfg = Release|Any CPU
		{E20BDAF7-4AF1-4002-ABEE-73F2BC65D31F}.Release|Any CPU.Build.0 = Release|Any CPU
	EndGlobalSection
	GlobalSection(SolutionProperties) = preSolution
		HideSolutionNode = FALSE
	EndGlobalSection
	GlobalSection(ExtensibilityGlobals) = postSolution
		SolutionGuid = {6C56AA88-BD63-4CC4-B4BB-FAEEF4D4C196}
	EndGlobalSection
EndGlobal
